Microsoft Visual Studio Solution File, Format Version 12.00
# Visual Studio Version 17
VisualStudioVersion = 17.5.2.0
MinimumVisualStudioVersion = 10.0.40219.1
Project("{FAE04EC0-301F-11D3-BF4B-00C04F79EFBC}") = "BridgeLabZ", "BridgeLabZ.csproj", "{22349E8E-3BB4-BB4A-9C6D-6D03388FF91A}"
EndProject
Global
	GlobalSection(SolutionConfigurationPlatforms) = preSolution
		Debug|Any CPU = Debug|Any CPU
		Release|Any CPU = Release|Any CPU
	EndGlobalSection
	GlobalSection(ProjectConfigurationPlatforms) = postSolution
		{22349E8E-3BB4-BB4A-9C6D-6D03388FF91A}.Debug|Any CPU.ActiveCfg = Debug|Any CPU
		{22349E8E-3BB4-BB4A-9C6D-6D03388FF91A}.Debug|Any CPU.Build.0 = Debug|Any CPU
		{22349E8E-3BB4-BB4A-9C6D-6D03388FF91A}.Release|Any CPU.ActiveCfg = Release|Any CPU
		{22349E8E-3BB4-BB4A-9C6D-6D03388FF91A}.Release|Any CPU.Build.0 = Release|Any CPU
	EndGlobalSection
	GlobalSection(SolutionProperties) = preSolution
		HideSolutionNode = FALSE
	EndGlobalSection
	GlobalSection(ExtensibilityGlobals) = postSolution
		SolutionGuid = {FF09D491-C37D-4DFF-B8A2-747392C9EDF6}
	EndGlobalSection
EndGlobal
