
Microsoft Visual Studio Solution File, Format Version 12.00
# Visual Studio Version 18
VisualStudioVersion = 18.1.11312.151 d18.0
MinimumVisualStudioVersion = 10.0.40219.1
Project("{FAE04EC0-301F-11D3-BF4B-00C04F79EFBC}") = "BridgeLabZ", "BridgeLabZ\BridgeLabZ.csproj", "{7B50A800-8C98-4D47-A0A2-2A7BF39E40AF}"
EndProject
Project("{FAE04EC0-301F-11D3-BF4B-00C04F79EFBC}") = "SecureLoginPortal", "SecureLoginPortal\SecureLoginPortal.csproj", "{41613E12-66C0-4434-9C73-DFAA6E2469FD}"
EndProject
Project("{FAE04EC0-301F-11D3-BF4B-00C04F79EFBC}") = "WebFormTesting", "WebFormTesting\WebFormTesting.csproj", "{CE6B0BD4-4BA7-4583-9104-78E3E4B3AD85}"
EndProject
Global
	GlobalSection(SolutionConfigurationPlatforms) = preSolution
		Debug|Any CPU = Debug|Any CPU
		Release|Any CPU = Release|Any CPU
	EndGlobalSection
	GlobalSection(ProjectConfigurationPlatforms) = postSolution
		{7B50A800-8C98-4D47-A0A2-2A7BF39E40AF}.Debug|Any CPU.ActiveCfg = Debug|Any CPU
		{7B50A800-8C98-4D47-A0A2-2A7BF39E40AF}.Debug|Any CPU.Build.0 = Debug|Any CPU
		{7B50A800-8C98-4D47-A0A2-2A7BF39E40AF}.Release|Any CPU.ActiveCfg = Release|Any CPU
		{7B50A800-8C98-4D47-A0A2-2A7BF39E40AF}.Release|Any CPU.Build.0 = Release|Any CPU
		{41613E12-66C0-4434-9C73-DFAA6E2469FD}.Debug|Any CPU.ActiveCfg = Debug|Any CPU
		{41613E12-66C0-4434-9C73-DFAA6E2469FD}.Debug|Any CPU.Build.0 = Debug|Any CPU
		{41613E12-66C0-4434-9C73-DFAA6E2469FD}.Release|Any CPU.ActiveCfg = Release|Any CPU
		{41613E12-66C0-4434-9C73-DFAA6E2469FD}.Release|Any CPU.Build.0 = Release|Any CPU
		{CE6B0BD4-4BA7-4583-9104-78E3E4B3AD85}.Debug|Any CPU.ActiveCfg = Debug|Any CPU
		{CE6B0BD4-4BA7-4583-9104-78E3E4B3AD85}.Debug|Any CPU.Build.0 = Debug|Any CPU
		{CE6B0BD4-4BA7-4583-9104-78E3E4B3AD85}.Release|Any CPU.ActiveCfg = Release|Any CPU
		{CE6B0BD4-4BA7-4583-9104-78E3E4B3AD85}.Release|Any CPU.Build.0 = Release|Any CPU
	EndGlobalSection
	GlobalSection(SolutionProperties) = preSolution
		HideSolutionNode = FALSE
	EndGlobalSection
	GlobalSection(ExtensibilityGlobals) = postSolution
		SolutionGuid = {031369F7-431C-4B60-B19B-7A74968713E0}
	EndGlobalSection
EndGlobal
